
Microsoft Visual Studio Solution File, Format Version 12.00
# Visual Studio 15
VisualStudioVersion = 15.0.26020.0
MinimumVisualStudioVersion = 10.0.40219.1
Project("{2150E333-8FDC-42A3-9474-1A3956D46DE8}") = "misc", "misc", "{1FE0D431-A761-4239-B2D6-D32C70723FD2}"
	ProjectSection(SolutionItems) = preProject
		Directory.build.project.props = Directory.build.project.props
		Directory.build.props = Directory.build.props
		Directory.build.shared.explicit.props = Directory.build.shared.explicit.props
		Directory.build.shared.implicit.props = Directory.build.shared.implicit.props
		Directory.build.shared.mat.props = Directory.build.shared.mat.props
		Directory.build.targets = Directory.build.targets
		GlobalSuppressions.cs = GlobalSuppressions.cs
		nuget.config = nuget.config
		Orc.Analytics.sln.DotSettings = Orc.Analytics.sln.DotSettings
		SolutionAssemblyInfo.cs = SolutionAssemblyInfo.cs
	EndProjectSection
EndProject
Project("{2150E333-8FDC-42A3-9474-1A3956D46DE8}") = "src", "src", "{005CCE38-D3CB-45F8-9DC0-6C83D712D3E2}"
EndProject
Project("{2150E333-8FDC-42A3-9474-1A3956D46DE8}") = "Core", "Core", "{E05C8799-D394-4605-9DC3-D7B1ABD3428D}"
EndProject
Project("{9A19103F-16F7-4668-BE54-9A1E7A4F7556}") = "Orc.Analytics", "Orc.Analytics\Orc.Analytics.csproj", "{E20F2D5A-E200-49C7-B0E1-48755778C7E8}"
EndProject
Project("{2150E333-8FDC-42A3-9474-1A3956D46DE8}") = "Example", "Example", "{0729E2B2-31A6-43DC-ADF1-6466FBF32017}"
EndProject
Project("{9A19103F-16F7-4668-BE54-9A1E7A4F7556}") = "Orc.Analytics.Example", "Orc.Analytics.Example\Orc.Analytics.Example.csproj", "{84E536CE-BD71-43FF-B51B-A9C950806C69}"
EndProject
Project("{2150E333-8FDC-42A3-9474-1A3956D46DE8}") = "Tests", "Tests", "{9CB12650-C4C2-4DE9-B1EC-A6116FCABD1B}"
EndProject
Project("{9A19103F-16F7-4668-BE54-9A1E7A4F7556}") = "Orc.Analytics.Tests", "Orc.Analytics.Tests\Orc.Analytics.Tests.csproj", "{52431455-7D95-463C-AEEF-4265BD345CB8}"
EndProject
Global
	GlobalSection(SolutionConfigurationPlatforms) = preSolution
		Debug|Any CPU = Debug|Any CPU
		Release|Any CPU = Release|Any CPU
	EndGlobalSection
	GlobalSection(ProjectConfigurationPlatforms) = postSolution
		{E20F2D5A-E200-49C7-B0E1-48755778C7E8}.Debug|Any CPU.ActiveCfg = Debug|Any CPU
		{E20F2D5A-E200-49C7-B0E1-48755778C7E8}.Debug|Any CPU.Build.0 = Debug|Any CPU
		{E20F2D5A-E200-49C7-B0E1-48755778C7E8}.Release|Any CPU.ActiveCfg = Release|Any CPU
		{E20F2D5A-E200-49C7-B0E1-48755778C7E8}.Release|Any CPU.Build.0 = Release|Any CPU
		{84E536CE-BD71-43FF-B51B-A9C950806C69}.Debug|Any CPU.ActiveCfg = Debug|Any CPU
		{84E536CE-BD71-43FF-B51B-A9C950806C69}.Debug|Any CPU.Build.0 = Debug|Any CPU
		{84E536CE-BD71-43FF-B51B-A9C950806C69}.Release|Any CPU.ActiveCfg = Release|Any CPU
		{84E536CE-BD71-43FF-B51B-A9C950806C69}.Release|Any CPU.Build.0 = Release|Any CPU
		{52431455-7D95-463C-AEEF-4265BD345CB8}.Debug|Any CPU.ActiveCfg = Debug|Any CPU
		{52431455-7D95-463C-AEEF-4265BD345CB8}.Debug|Any CPU.Build.0 = Debug|Any CPU
		{52431455-7D95-463C-AEEF-4265BD345CB8}.Release|Any CPU.ActiveCfg = Release|Any CPU
		{52431455-7D95-463C-AEEF-4265BD345CB8}.Release|Any CPU.Build.0 = Release|Any CPU
	EndGlobalSection
	GlobalSection(SolutionProperties) = preSolution
		HideSolutionNode = FALSE
	EndGlobalSection
	GlobalSection(NestedProjects) = preSolution
		{E05C8799-D394-4605-9DC3-D7B1ABD3428D} = {005CCE38-D3CB-45F8-9DC0-6C83D712D3E2}
		{E20F2D5A-E200-49C7-B0E1-48755778C7E8} = {E05C8799-D394-4605-9DC3-D7B1ABD3428D}
		{0729E2B2-31A6-43DC-ADF1-6466FBF32017} = {005CCE38-D3CB-45F8-9DC0-6C83D712D3E2}
		{84E536CE-BD71-43FF-B51B-A9C950806C69} = {0729E2B2-31A6-43DC-ADF1-6466FBF32017}
		{9CB12650-C4C2-4DE9-B1EC-A6116FCABD1B} = {005CCE38-D3CB-45F8-9DC0-6C83D712D3E2}
		{52431455-7D95-463C-AEEF-4265BD345CB8} = {9CB12650-C4C2-4DE9-B1EC-A6116FCABD1B}
	EndGlobalSection
	GlobalSection(ExtensibilityGlobals) = postSolution
		SolutionGuid = {3998BC0E-2B15-4D73-9266-5D4F75451C53}
	EndGlobalSection
EndGlobal
