
Microsoft Visual Studio Solution File, Format Version 12.00
# Visual Studio 15
VisualStudioVersion = 15.0.26020.0
MinimumVisualStudioVersion = 10.0.40219.1
Project("{2150E333-8FDC-42A3-9474-1A3956D46DE8}") = "src", "src", "{A8A1A4EE-E04A-43AB-90C9-41E7B82EE1E5}"
EndProject
Project("{2150E333-8FDC-42A3-9474-1A3956D46DE8}") = "misc", "misc", "{1FE0D431-A761-4239-B2D6-D32C70723FD2}"
	ProjectSection(SolutionItems) = preProject
		Directory.build.project.props = Directory.build.project.props
		Directory.build.props = Directory.build.props
		Directory.build.shared.explicit.props = Directory.build.shared.explicit.props
		Directory.build.shared.implicit.props = Directory.build.shared.implicit.props
		Directory.build.targets = Directory.build.targets
		GlobalSuppressions.cs = GlobalSuppressions.cs
		nuget.config = nuget.config
		Orc.Analytics.sln.DotSettings = Orc.Analytics.sln.DotSettings
		SolutionAssemblyInfo.cs = SolutionAssemblyInfo.cs
	EndProjectSection
EndProject
Project("{2150E333-8FDC-42A3-9474-1A3956D46DE8}") = "Core", "Core", "{B1500163-DD62-4454-AA11-9F1CF313986E}"
EndProject
Project("{2150E333-8FDC-42A3-9474-1A3956D46DE8}") = "Example", "Example", "{3FB1DF86-9F58-42CF-97EE-3F3C1F4AAB5B}"
EndProject
Project("{2150E333-8FDC-42A3-9474-1A3956D46DE8}") = "Tests", "Tests", "{A23951F8-267E-40A7-89B1-B95042F24998}"
EndProject
Project("{9A19103F-16F7-4668-BE54-9A1E7A4F7556}") = "Orc.Analytics", "Orc.Analytics\Orc.Analytics.csproj", "{25230CE3-09D2-442A-9393-10E7BB2144A8}"
EndProject
Project("{9A19103F-16F7-4668-BE54-9A1E7A4F7556}") = "Orc.Analytics.Example.NET", "Orc.Analytics.Example.NET\Orc.Analytics.Example.NET.csproj", "{48B31F73-B082-4A05-A87F-2A313F9E5C2B}"
EndProject
Project("{D954291E-2A0B-460D-934E-DC6B0785DB48}") = "Orc.Analytics.Tests.Shared", "Orc.Analytics.Tests.Shared\Orc.Analytics.Tests.Shared.shproj", "{D356BEC8-19BE-4C5E-9A07-4F6A8AE75741}"
EndProject
Project("{FAE04EC0-301F-11D3-BF4B-00C04F79EFBC}") = "Orc.Analytics.Tests.NET", "Orc.Analytics.Tests.NET\Orc.Analytics.Tests.NET.csproj", "{6D3FA3D3-880E-4991-90A3-DF147E57129A}"
EndProject
Global
	GlobalSection(SharedMSBuildProjectFiles) = preSolution
		Orc.Analytics.Tests.Shared\Orc.Analytics.Tests.Shared.projitems*{6d3fa3d3-880e-4991-90a3-df147e57129a}*SharedItemsImports = 4
		Orc.Analytics.Tests.Shared\Orc.Analytics.Tests.Shared.projitems*{d356bec8-19be-4c5e-9a07-4f6a8ae75741}*SharedItemsImports = 13
	EndGlobalSection
	GlobalSection(SolutionConfigurationPlatforms) = preSolution
		Debug|Any CPU = Debug|Any CPU
		Release|Any CPU = Release|Any CPU
	EndGlobalSection
	GlobalSection(ProjectConfigurationPlatforms) = postSolution
		{25230CE3-09D2-442A-9393-10E7BB2144A8}.Debug|Any CPU.ActiveCfg = Debug|Any CPU
		{25230CE3-09D2-442A-9393-10E7BB2144A8}.Debug|Any CPU.Build.0 = Debug|Any CPU
		{25230CE3-09D2-442A-9393-10E7BB2144A8}.Release|Any CPU.ActiveCfg = Release|Any CPU
		{25230CE3-09D2-442A-9393-10E7BB2144A8}.Release|Any CPU.Build.0 = Release|Any CPU
		{48B31F73-B082-4A05-A87F-2A313F9E5C2B}.Debug|Any CPU.ActiveCfg = Debug|Any CPU
		{48B31F73-B082-4A05-A87F-2A313F9E5C2B}.Debug|Any CPU.Build.0 = Debug|Any CPU
		{48B31F73-B082-4A05-A87F-2A313F9E5C2B}.Release|Any CPU.ActiveCfg = Release|Any CPU
		{48B31F73-B082-4A05-A87F-2A313F9E5C2B}.Release|Any CPU.Build.0 = Release|Any CPU
		{6D3FA3D3-880E-4991-90A3-DF147E57129A}.Debug|Any CPU.ActiveCfg = Debug|Any CPU
		{6D3FA3D3-880E-4991-90A3-DF147E57129A}.Debug|Any CPU.Build.0 = Debug|Any CPU
		{6D3FA3D3-880E-4991-90A3-DF147E57129A}.Release|Any CPU.ActiveCfg = Release|Any CPU
		{6D3FA3D3-880E-4991-90A3-DF147E57129A}.Release|Any CPU.Build.0 = Release|Any CPU
	EndGlobalSection
	GlobalSection(SolutionProperties) = preSolution
		HideSolutionNode = FALSE
	EndGlobalSection
	GlobalSection(NestedProjects) = preSolution
		{B1500163-DD62-4454-AA11-9F1CF313986E} = {A8A1A4EE-E04A-43AB-90C9-41E7B82EE1E5}
		{3FB1DF86-9F58-42CF-97EE-3F3C1F4AAB5B} = {A8A1A4EE-E04A-43AB-90C9-41E7B82EE1E5}
		{A23951F8-267E-40A7-89B1-B95042F24998} = {A8A1A4EE-E04A-43AB-90C9-41E7B82EE1E5}
		{25230CE3-09D2-442A-9393-10E7BB2144A8} = {B1500163-DD62-4454-AA11-9F1CF313986E}
		{48B31F73-B082-4A05-A87F-2A313F9E5C2B} = {3FB1DF86-9F58-42CF-97EE-3F3C1F4AAB5B}
		{D356BEC8-19BE-4C5E-9A07-4F6A8AE75741} = {A23951F8-267E-40A7-89B1-B95042F24998}
		{6D3FA3D3-880E-4991-90A3-DF147E57129A} = {A23951F8-267E-40A7-89B1-B95042F24998}
	EndGlobalSection
	GlobalSection(ExtensibilityGlobals) = postSolution
		SolutionGuid = {3998BC0E-2B15-4D73-9266-5D4F75451C53}
	EndGlobalSection
EndGlobal
